
Microsoft Visual Studio Solution File, Format Version 12.00
# Visual Studio Version 17
VisualStudioVersion = 17.13.35828.75
MinimumVisualStudioVersion = 10.0.40219.1
Project("{FAE04EC0-301F-11D3-BF4B-00C04F79EFBC}") = "StoreNet.API", "StoreNet.API\StoreNet.API.csproj", "{BF145524-5CF1-494B-A1F5-4866122653FB}"
EndProject
Project("{FAE04EC0-301F-11D3-BF4B-00C04F79EFBC}") = "StoreNet.Application", "StoreNet.Application\StoreNet.Application.csproj", "{238D718E-4570-4C08-B586-A3EFBBE251E2}"
EndProject
Project("{FAE04EC0-301F-11D3-BF4B-00C04F79EFBC}") = "StoreNet.Infrastructure", "StoreNet.Infrastructure\StoreNet.Infrastructure.csproj", "{B6010835-0AC7-43BD-BDCA-2A8FA0105ADA}"
EndProject
Project("{FAE04EC0-301F-11D3-BF4B-00C04F79EFBC}") = "StoreNet.Domain", "StoreNet.Domain\StoreNet.Domain.csproj", "{446A3F6F-70C0-433A-A7F9-085D7D75F36F}"
EndProject
Global
	GlobalSection(SolutionConfigurationPlatforms) = preSolution
		Debug|Any CPU = Debug|Any CPU
		Release|Any CPU = Release|Any CPU
	EndGlobalSection
	GlobalSection(ProjectConfigurationPlatforms) = postSolution
		{BF145524-5CF1-494B-A1F5-4866122653FB}.Debug|Any CPU.ActiveCfg = Debug|Any CPU
		{BF145524-5CF1-494B-A1F5-4866122653FB}.Debug|Any CPU.Build.0 = Debug|Any CPU
		{BF145524-5CF1-494B-A1F5-4866122653FB}.Release|Any CPU.ActiveCfg = Release|Any CPU
		{BF145524-5CF1-494B-A1F5-4866122653FB}.Release|Any CPU.Build.0 = Release|Any CPU
		{238D718E-4570-4C08-B586-A3EFBBE251E2}.Debug|Any CPU.ActiveCfg = Debug|Any CPU
		{238D718E-4570-4C08-B586-A3EFBBE251E2}.Debug|Any CPU.Build.0 = Debug|Any CPU
		{238D718E-4570-4C08-B586-A3EFBBE251E2}.Release|Any CPU.ActiveCfg = Release|Any CPU
		{238D718E-4570-4C08-B586-A3EFBBE251E2}.Release|Any CPU.Build.0 = Release|Any CPU
		{B6010835-0AC7-43BD-BDCA-2A8FA0105ADA}.Debug|Any CPU.ActiveCfg = Debug|Any CPU
		{B6010835-0AC7-43BD-BDCA-2A8FA0105ADA}.Debug|Any CPU.Build.0 = Debug|Any CPU
		{B6010835-0AC7-43BD-BDCA-2A8FA0105ADA}.Release|Any CPU.ActiveCfg = Release|Any CPU
		{B6010835-0AC7-43BD-BDCA-2A8FA0105ADA}.Release|Any CPU.Build.0 = Release|Any CPU
		{446A3F6F-70C0-433A-A7F9-085D7D75F36F}.Debug|Any CPU.ActiveCfg = Debug|Any CPU
		{446A3F6F-70C0-433A-A7F9-085D7D75F36F}.Debug|Any CPU.Build.0 = Debug|Any CPU
		{446A3F6F-70C0-433A-A7F9-085D7D75F36F}.Release|Any CPU.ActiveCfg = Release|Any CPU
		{446A3F6F-70C0-433A-A7F9-085D7D75F36F}.Release|Any CPU.Build.0 = Release|Any CPU
	EndGlobalSection
	GlobalSection(SolutionProperties) = preSolution
		HideSolutionNode = FALSE
	EndGlobalSection
	GlobalSection(ExtensibilityGlobals) = postSolution
		SolutionGuid = {12AD0B31-35D6-4BEB-AD8F-2E97ABE3519D}
	EndGlobalSection
EndGlobal
